
Microsoft Visual Studio Solution File, Format Version 12.00
# Visual Studio Version 17
VisualStudioVersion = 17.0.31903.59
MinimumVisualStudioVersion = 10.0.40219.1
Project("{FAE04EC0-301F-11D3-BF4B-00C04F79EFBC}") = "BuberDinner.Api", "BuberDinner.Api\BuberDinner.Api.csproj", "{25177A4E-E212-4245-99F5-B31C6038E286}"
EndProject
Project("{FAE04EC0-301F-11D3-BF4B-00C04F79EFBC}") = "BuberDinner.Application", "BuberDinner.Application\BuberDinner.Application.csproj", "{81AFD69E-73A4-4A0A-92A5-CD21A786D36D}"
EndProject
Project("{FAE04EC0-301F-11D3-BF4B-00C04F79EFBC}") = "BuberDinner.Contracts", "BuberDinner.Contracts\BuberDinner.Contracts.csproj", "{C2DE8343-AE92-4549-9D1C-4B45C523B8F3}"
EndProject
Project("{FAE04EC0-301F-11D3-BF4B-00C04F79EFBC}") = "BuberDinner.Domain", "BuberDinner.Domain\BuberDinner.Domain.csproj", "{96E7C9A4-5F4F-4CF6-9438-CC258B008516}"
EndProject
Project("{FAE04EC0-301F-11D3-BF4B-00C04F79EFBC}") = "BuberDinner.Infrastructure", "BuberDinner.Infrastructure\BuberDinner.Infrastructure.csproj", "{67FE2476-C32E-4335-BA9F-DAB04929FCD2}"
EndProject
Global
	GlobalSection(SolutionConfigurationPlatforms) = preSolution
		Debug|Any CPU = Debug|Any CPU
		Debug|x64 = Debug|x64
		Debug|x86 = Debug|x86
		Release|Any CPU = Release|Any CPU
		Release|x64 = Release|x64
		Release|x86 = Release|x86
	EndGlobalSection
	GlobalSection(ProjectConfigurationPlatforms) = postSolution
		{25177A4E-E212-4245-99F5-B31C6038E286}.Debug|Any CPU.ActiveCfg = Debug|Any CPU
		{25177A4E-E212-4245-99F5-B31C6038E286}.Debug|Any CPU.Build.0 = Debug|Any CPU
		{25177A4E-E212-4245-99F5-B31C6038E286}.Debug|x64.ActiveCfg = Debug|Any CPU
		{25177A4E-E212-4245-99F5-B31C6038E286}.Debug|x64.Build.0 = Debug|Any CPU
		{25177A4E-E212-4245-99F5-B31C6038E286}.Debug|x86.ActiveCfg = Debug|Any CPU
		{25177A4E-E212-4245-99F5-B31C6038E286}.Debug|x86.Build.0 = Debug|Any CPU
		{25177A4E-E212-4245-99F5-B31C6038E286}.Release|Any CPU.ActiveCfg = Release|Any CPU
		{25177A4E-E212-4245-99F5-B31C6038E286}.Release|Any CPU.Build.0 = Release|Any CPU
		{25177A4E-E212-4245-99F5-B31C6038E286}.Release|x64.ActiveCfg = Release|Any CPU
		{25177A4E-E212-4245-99F5-B31C6038E286}.Release|x64.Build.0 = Release|Any CPU
		{25177A4E-E212-4245-99F5-B31C6038E286}.Release|x86.ActiveCfg = Release|Any CPU
		{25177A4E-E212-4245-99F5-B31C6038E286}.Release|x86.Build.0 = Release|Any CPU
		{81AFD69E-73A4-4A0A-92A5-CD21A786D36D}.Debug|Any CPU.ActiveCfg = Debug|Any CPU
		{81AFD69E-73A4-4A0A-92A5-CD21A786D36D}.Debug|Any CPU.Build.0 = Debug|Any CPU
		{81AFD69E-73A4-4A0A-92A5-CD21A786D36D}.Debug|x64.ActiveCfg = Debug|Any CPU
		{81AFD69E-73A4-4A0A-92A5-CD21A786D36D}.Debug|x64.Build.0 = Debug|Any CPU
		{81AFD69E-73A4-4A0A-92A5-CD21A786D36D}.Debug|x86.ActiveCfg = Debug|Any CPU
		{81AFD69E-73A4-4A0A-92A5-CD21A786D36D}.Debug|x86.Build.0 = Debug|Any CPU
		{81AFD69E-73A4-4A0A-92A5-CD21A786D36D}.Release|Any CPU.ActiveCfg = Release|Any CPU
		{81AFD69E-73A4-4A0A-92A5-CD21A786D36D}.Release|Any CPU.Build.0 = Release|Any CPU
		{81AFD69E-73A4-4A0A-92A5-CD21A786D36D}.Release|x64.ActiveCfg = Release|Any CPU
		{81AFD69E-73A4-4A0A-92A5-CD21A786D36D}.Release|x64.Build.0 = Release|Any CPU
		{81AFD69E-73A4-4A0A-92A5-CD21A786D36D}.Release|x86.ActiveCfg = Release|Any CPU
		{81AFD69E-73A4-4A0A-92A5-CD21A786D36D}.Release|x86.Build.0 = Release|Any CPU
		{C2DE8343-AE92-4549-9D1C-4B45C523B8F3}.Debug|Any CPU.ActiveCfg = Debug|Any CPU
		{C2DE8343-AE92-4549-9D1C-4B45C523B8F3}.Debug|Any CPU.Build.0 = Debug|Any CPU
		{C2DE8343-AE92-4549-9D1C-4B45C523B8F3}.Debug|x64.ActiveCfg = Debug|Any CPU
		{C2DE8343-AE92-4549-9D1C-4B45C523B8F3}.Debug|x64.Build.0 = Debug|Any CPU
		{C2DE8343-AE92-4549-9D1C-4B45C523B8F3}.Debug|x86.ActiveCfg = Debug|Any CPU
		{C2DE8343-AE92-4549-9D1C-4B45C523B8F3}.Debug|x86.Build.0 = Debug|Any CPU
		{C2DE8343-AE92-4549-9D1C-4B45C523B8F3}.Release|Any CPU.ActiveCfg = Release|Any CPU
		{C2DE8343-AE92-4549-9D1C-4B45C523B8F3}.Release|Any CPU.Build.0 = Release|Any CPU
		{C2DE8343-AE92-4549-9D1C-4B45C523B8F3}.Release|x64.ActiveCfg = Release|Any CPU
		{C2DE8343-AE92-4549-9D1C-4B45C523B8F3}.Release|x64.Build.0 = Release|Any CPU
		{C2DE8343-AE92-4549-9D1C-4B45C523B8F3}.Release|x86.ActiveCfg = Release|Any CPU
		{C2DE8343-AE92-4549-9D1C-4B45C523B8F3}.Release|x86.Build.0 = Release|Any CPU
		{96E7C9A4-5F4F-4CF6-9438-CC258B008516}.Debug|Any CPU.ActiveCfg = Debug|Any CPU
		{96E7C9A4-5F4F-4CF6-9438-CC258B008516}.Debug|Any CPU.Build.0 = Debug|Any CPU
		{96E7C9A4-5F4F-4CF6-9438-CC258B008516}.Debug|x64.ActiveCfg = Debug|Any CPU
		{96E7C9A4-5F4F-4CF6-9438-CC258B008516}.Debug|x64.Build.0 = Debug|Any CPU
		{96E7C9A4-5F4F-4CF6-9438-CC258B008516}.Debug|x86.ActiveCfg = Debug|Any CPU
		{96E7C9A4-5F4F-4CF6-9438-CC258B008516}.Debug|x86.Build.0 = Debug|Any CPU
		{96E7C9A4-5F4F-4CF6-9438-CC258B008516}.Release|Any CPU.ActiveCfg = Release|Any CPU
		{96E7C9A4-5F4F-4CF6-9438-CC258B008516}.Release|Any CPU.Build.0 = Release|Any CPU
		{96E7C9A4-5F4F-4CF6-9438-CC258B008516}.Release|x64.ActiveCfg = Release|Any CPU
		{96E7C9A4-5F4F-4CF6-9438-CC258B008516}.Release|x64.Build.0 = Release|Any CPU
		{96E7C9A4-5F4F-4CF6-9438-CC258B008516}.Release|x86.ActiveCfg = Release|Any CPU
		{96E7C9A4-5F4F-4CF6-9438-CC258B008516}.Release|x86.Build.0 = Release|Any CPU
		{67FE2476-C32E-4335-BA9F-DAB04929FCD2}.Debug|Any CPU.ActiveCfg = Debug|Any CPU
		{67FE2476-C32E-4335-BA9F-DAB04929FCD2}.Debug|Any CPU.Build.0 = Debug|Any CPU
		{67FE2476-C32E-4335-BA9F-DAB04929FCD2}.Debug|x64.ActiveCfg = Debug|Any CPU
		{67FE2476-C32E-4335-BA9F-DAB04929FCD2}.Debug|x64.Build.0 = Debug|Any CPU
		{67FE2476-C32E-4335-BA9F-DAB04929FCD2}.Debug|x86.ActiveCfg = Debug|Any CPU
		{67FE2476-C32E-4335-BA9F-DAB04929FCD2}.Debug|x86.Build.0 = Debug|Any CPU
		{67FE2476-C32E-4335-BA9F-DAB04929FCD2}.Release|Any CPU.ActiveCfg = Release|Any CPU
		{67FE2476-C32E-4335-BA9F-DAB04929FCD2}.Release|Any CPU.Build.0 = Release|Any CPU
		{67FE2476-C32E-4335-BA9F-DAB04929FCD2}.Release|x64.ActiveCfg = Release|Any CPU
		{67FE2476-C32E-4335-BA9F-DAB04929FCD2}.Release|x64.Build.0 = Release|Any CPU
		{67FE2476-C32E-4335-BA9F-DAB04929FCD2}.Release|x86.ActiveCfg = Release|Any CPU
		{67FE2476-C32E-4335-BA9F-DAB04929FCD2}.Release|x86.Build.0 = Release|Any CPU
	EndGlobalSection
	GlobalSection(SolutionProperties) = preSolution
		HideSolutionNode = FALSE
	EndGlobalSection
EndGlobal
